
Microsoft Visual Studio Solution File, Format Version 12.00
# Visual Studio 15
VisualStudioVersion = 15.0.26430.6
MinimumVisualStudioVersion = 10.0.40219.1
Project("{FAE04EC0-301F-11D3-BF4B-00C04F79EFBC}") = "BlogAPI", "BlogAPI\BlogAPI.csproj", "{3335B78A-60E0-473D-AC2E-03978C4C3EBE}"
EndProject
Project("{FAE04EC0-301F-11D3-BF4B-00C04F79EFBC}") = "BlogAPI.Tests", "BlogAPI.Tests\BlogAPI.Tests.csproj", "{05F873FD-CD5C-48AB-A804-04C57AA1B2DB}"
EndProject
Project("{FAE04EC0-301F-11D3-BF4B-00C04F79EFBC}") = "DataAccessLayer", "DataAccessLayer\DataAccessLayer.csproj", "{88886A11-D2F3-4310-B490-91BBF81277AF}"
EndProject
Project("{FAE04EC0-301F-11D3-BF4B-00C04F79EFBC}") = "Models", "Models\Models.csproj", "{4107AF26-6974-4433-B84F-ADB1EB491106}"
EndProject
Project("{FAE04EC0-301F-11D3-BF4B-00C04F79EFBC}") = "IDataAccessLayer", "IDataAccessLayer\IDataAccessLayer.csproj", "{A0613847-E99A-48D2-BEE4-85E4B2041E2D}"
EndProject
Project("{FAE04EC0-301F-11D3-BF4B-00C04F79EFBC}") = "DependencyResolver", "DependencyResolver\DependencyResolver.csproj", "{8E7799BD-7989-462D-AA90-6B7213B0A6C8}"
EndProject
Global
	GlobalSection(SolutionConfigurationPlatforms) = preSolution
		Debug|Any CPU = Debug|Any CPU
		Release|Any CPU = Release|Any CPU
	EndGlobalSection
	GlobalSection(ProjectConfigurationPlatforms) = postSolution
		{3335B78A-60E0-473D-AC2E-03978C4C3EBE}.Debug|Any CPU.ActiveCfg = Debug|Any CPU
		{3335B78A-60E0-473D-AC2E-03978C4C3EBE}.Debug|Any CPU.Build.0 = Debug|Any CPU
		{3335B78A-60E0-473D-AC2E-03978C4C3EBE}.Release|Any CPU.ActiveCfg = Release|Any CPU
		{3335B78A-60E0-473D-AC2E-03978C4C3EBE}.Release|Any CPU.Build.0 = Release|Any CPU
		{05F873FD-CD5C-48AB-A804-04C57AA1B2DB}.Debug|Any CPU.ActiveCfg = Debug|Any CPU
		{05F873FD-CD5C-48AB-A804-04C57AA1B2DB}.Debug|Any CPU.Build.0 = Debug|Any CPU
		{05F873FD-CD5C-48AB-A804-04C57AA1B2DB}.Release|Any CPU.ActiveCfg = Release|Any CPU
		{05F873FD-CD5C-48AB-A804-04C57AA1B2DB}.Release|Any CPU.Build.0 = Release|Any CPU
		{88886A11-D2F3-4310-B490-91BBF81277AF}.Debug|Any CPU.ActiveCfg = Debug|Any CPU
		{88886A11-D2F3-4310-B490-91BBF81277AF}.Debug|Any CPU.Build.0 = Debug|Any CPU
		{88886A11-D2F3-4310-B490-91BBF81277AF}.Release|Any CPU.ActiveCfg = Release|Any CPU
		{88886A11-D2F3-4310-B490-91BBF81277AF}.Release|Any CPU.Build.0 = Release|Any CPU
		{4107AF26-6974-4433-B84F-ADB1EB491106}.Debug|Any CPU.ActiveCfg = Debug|Any CPU
		{4107AF26-6974-4433-B84F-ADB1EB491106}.Debug|Any CPU.Build.0 = Debug|Any CPU
		{4107AF26-6974-4433-B84F-ADB1EB491106}.Release|Any CPU.ActiveCfg = Release|Any CPU
		{4107AF26-6974-4433-B84F-ADB1EB491106}.Release|Any CPU.Build.0 = Release|Any CPU
		{A0613847-E99A-48D2-BEE4-85E4B2041E2D}.Debug|Any CPU.ActiveCfg = Debug|Any CPU
		{A0613847-E99A-48D2-BEE4-85E4B2041E2D}.Debug|Any CPU.Build.0 = Debug|Any CPU
		{A0613847-E99A-48D2-BEE4-85E4B2041E2D}.Release|Any CPU.ActiveCfg = Release|Any CPU
		{A0613847-E99A-48D2-BEE4-85E4B2041E2D}.Release|Any CPU.Build.0 = Release|Any CPU
		{8E7799BD-7989-462D-AA90-6B7213B0A6C8}.Debug|Any CPU.ActiveCfg = Debug|Any CPU
		{8E7799BD-7989-462D-AA90-6B7213B0A6C8}.Debug|Any CPU.Build.0 = Debug|Any CPU
		{8E7799BD-7989-462D-AA90-6B7213B0A6C8}.Release|Any CPU.ActiveCfg = Release|Any CPU
		{8E7799BD-7989-462D-AA90-6B7213B0A6C8}.Release|Any CPU.Build.0 = Release|Any CPU
	EndGlobalSection
	GlobalSection(SolutionProperties) = preSolution
		HideSolutionNode = FALSE
	EndGlobalSection
	GlobalSection(ExtensibilityGlobals) = postSolution
		SolutionGuid = {F84937A6-C42A-47FF-AA87-90D6B5032166}
	EndGlobalSection
EndGlobal
